
Microsoft Visual Studio Solution File, Format Version 12.00
# Visual Studio Version 16
VisualStudioVersion = 16.0.31729.503
MinimumVisualStudioVersion = 10.0.40219.1
Project("{8BC9CEB8-8B4A-11D0-8D11-00A0C91BC942}") = "BombermanClient", "BombermanClient\BombermanClient.vcxproj", "{26B00B3F-8710-491C-8987-7DA402D13E43}"
	ProjectSection(ProjectDependencies) = postProject
		{1E141903-523A-4D2F-BED2-8D2E724BD0D1} = {1E141903-523A-4D2F-BED2-8D2E724BD0D1}
		{E34E5A0A-E109-4617-BD3F-2F1144F79D4D} = {E34E5A0A-E109-4617-BD3F-2F1144F79D4D}
	EndProjectSection
EndProject
Project("{8BC9CEB8-8B4A-11D0-8D11-00A0C91BC942}") = "BombermanServer", "BombermanServer\BombermanServer.vcxproj", "{1E141903-523A-4D2F-BED2-8D2E724BD0D1}"
	ProjectSection(ProjectDependencies) = postProject
		{E34E5A0A-E109-4617-BD3F-2F1144F79D4D} = {E34E5A0A-E109-4617-BD3F-2F1144F79D4D}
	EndProjectSection
EndProject
Project("{8BC9CEB8-8B4A-11D0-8D11-00A0C91BC942}") = "BombermanCore", "BombermanCore\BombermanCore.vcxproj", "{E34E5A0A-E109-4617-BD3F-2F1144F79D4D}"
EndProject
Global
	GlobalSection(SolutionConfigurationPlatforms) = preSolution
		Debug|x64 = Debug|x64
		Debug|x86 = Debug|x86
		Release|x64 = Release|x64
		Release|x86 = Release|x86
	EndGlobalSection
	GlobalSection(ProjectConfigurationPlatforms) = postSolution
		{26B00B3F-8710-491C-8987-7DA402D13E43}.Debug|x64.ActiveCfg = Debug|x64
		{26B00B3F-8710-491C-8987-7DA402D13E43}.Debug|x64.Build.0 = Debug|x64
		{26B00B3F-8710-491C-8987-7DA402D13E43}.Debug|x86.ActiveCfg = Debug|Win32
		{26B00B3F-8710-491C-8987-7DA402D13E43}.Debug|x86.Build.0 = Debug|Win32
		{26B00B3F-8710-491C-8987-7DA402D13E43}.Release|x64.ActiveCfg = Release|x64
		{26B00B3F-8710-491C-8987-7DA402D13E43}.Release|x64.Build.0 = Release|x64
		{26B00B3F-8710-491C-8987-7DA402D13E43}.Release|x86.ActiveCfg = Release|Win32
		{26B00B3F-8710-491C-8987-7DA402D13E43}.Release|x86.Build.0 = Release|Win32
		{1E141903-523A-4D2F-BED2-8D2E724BD0D1}.Debug|x64.ActiveCfg = Debug|x64
		{1E141903-523A-4D2F-BED2-8D2E724BD0D1}.Debug|x64.Build.0 = Debug|x64
		{1E141903-523A-4D2F-BED2-8D2E724BD0D1}.Debug|x86.ActiveCfg = Debug|Win32
		{1E141903-523A-4D2F-BED2-8D2E724BD0D1}.Debug|x86.Build.0 = Debug|Win32
		{1E141903-523A-4D2F-BED2-8D2E724BD0D1}.Release|x64.ActiveCfg = Release|x64
		{1E141903-523A-4D2F-BED2-8D2E724BD0D1}.Release|x64.Build.0 = Release|x64
		{1E141903-523A-4D2F-BED2-8D2E724BD0D1}.Release|x86.ActiveCfg = Release|Win32
		{1E141903-523A-4D2F-BED2-8D2E724BD0D1}.Release|x86.Build.0 = Release|Win32
		{E34E5A0A-E109-4617-BD3F-2F1144F79D4D}.Debug|x64.ActiveCfg = Debug|x64
		{E34E5A0A-E109-4617-BD3F-2F1144F79D4D}.Debug|x64.Build.0 = Debug|x64
		{E34E5A0A-E109-4617-BD3F-2F1144F79D4D}.Debug|x86.ActiveCfg = Debug|Win32
		{E34E5A0A-E109-4617-BD3F-2F1144F79D4D}.Debug|x86.Build.0 = Debug|Win32
		{E34E5A0A-E109-4617-BD3F-2F1144F79D4D}.Release|x64.ActiveCfg = Release|x64
		{E34E5A0A-E109-4617-BD3F-2F1144F79D4D}.Release|x64.Build.0 = Release|x64
		{E34E5A0A-E109-4617-BD3F-2F1144F79D4D}.Release|x86.ActiveCfg = Release|Win32
		{E34E5A0A-E109-4617-BD3F-2F1144F79D4D}.Release|x86.Build.0 = Release|Win32
	EndGlobalSection
	GlobalSection(SolutionProperties) = preSolution
		HideSolutionNode = FALSE
	EndGlobalSection
	GlobalSection(ExtensibilityGlobals) = postSolution
		SolutionGuid = {D2BDDB2C-2EC0-4C8F-94D1-9B829BCE3EE4}
	EndGlobalSection
EndGlobal
