<?xml version="1.0" encoding="utf-8"?>
<Project ToolsVersion="4.0" xmlns="http://schemas.microsoft.com/developer/msbuild/2003">
  <ItemGroup>
    <Filter Include="Source Files">
      <UniqueIdentifier>{4FC737F1-C7A5-4376-A066-2A32D752A2FF}</UniqueIdentifier>
      <Extensions>cpp;c;cc;cxx;c++;cppm;ixx;def;odl;idl;hpj;bat;asm;asmx</Extensions>
    </Filter>
    <Filter Include="Resource Files">
      <UniqueIdentifier>{67DA6AB6-F800-4c08-8B7A-83BB121AAD01}</UniqueIdentifier>
      <Extensions>rc;ico;cur;bmp;dlg;rc2;rct;bin;rgs;gif;jpg;jpeg;jpe;resx;tiff;tif;png;wav;mfcribbon-ms</Extensions>
    </Filter>
    <Filter Include="Include">
      <UniqueIdentifier>{93995380-89BD-4b04-88EB-625FBE52EBFB}</UniqueIdentifier>
      <Extensions>h;hh;hpp;hxx;h++;hm;inl;inc;ipp;xsd</Extensions>
    </Filter>
    <Filter Include="Source Files\Classes">
      <UniqueIdentifier>{f389276c-fa13-4c0e-a753-183de7bb9323}</UniqueIdentifier>
    </Filter>
    <Filter Include="Source Files\Classes\Interfaces">
      <UniqueIdentifier>{00f542ad-92c7-42e6-b827-cd451d8e9d82}</UniqueIdentifier>
    </Filter>
    <Filter Include="Include\Actors">
      <UniqueIdentifier>{86f45988-57be-4b18-9a8a-394eb3599688}</UniqueIdentifier>
    </Filter>
    <Filter Include="Include\Actors\MapObject">
      <UniqueIdentifier>{3a1c2594-8acc-425e-bd48-23a0b49465cc}</UniqueIdentifier>
    </Filter>
    <Filter Include="Include\Engine">
      <UniqueIdentifier>{2f3b052f-0f20-47fa-9426-f5a0892f6452}</UniqueIdentifier>
    </Filter>
    <Filter Include="Include\Engine\Physics">
      <UniqueIdentifier>{27bf7452-fd3e-4a1b-ac76-d1b84f53a7d2}</UniqueIdentifier>
    </Filter>
    <Filter Include="Source Files\Classes\Engine">
      <UniqueIdentifier>{1965be20-b1b2-4b23-ac26-5c7cecd5616d}</UniqueIdentifier>
    </Filter>
    <Filter Include="Source Files\Classes\Engine\Physics">
      <UniqueIdentifier>{fbfda9bc-9666-4774-bdb2-f3159cb50c49}</UniqueIdentifier>
    </Filter>
    <Filter Include="Resource Files\Maps">
      <UniqueIdentifier>{f4fec21e-ad38-45fd-90be-eea32cde60e8}</UniqueIdentifier>
    </Filter>
  </ItemGroup>
  <ItemGroup>
    <ClCompile Include="main.cpp">
      <Filter>Source Files</Filter>
    </ClCompile>
    <ClCompile Include="OnlinePlayer.cpp">
      <Filter>Source Files\Classes</Filter>
    </ClCompile>
    <ClCompile Include="byteconverter.cpp">
      <Filter>Source Files\Classes</Filter>
    </ClCompile>
    <ClCompile Include="NetworkManager.cpp">
      <Filter>Source Files\Classes</Filter>
    </ClCompile>
    <ClCompile Include="IUpdatable.h">
      <Filter>Source Files\Classes\Interfaces</Filter>
    </ClCompile>
    <ClCompile Include="Player.cpp">
      <Filter>Source Files\Classes</Filter>
    </ClCompile>
    <ClCompile Include="Eggbomb.cpp">
      <Filter>Source Files\Classes</Filter>
    </ClCompile>
    <ClCompile Include="Actor.cpp">
      <Filter>Source Files\Classes</Filter>
    </ClCompile>
    <ClCompile Include="Eggsplosion.cpp">
      <Filter>Source Files\Classes</Filter>
    </ClCompile>
    <ClCompile Include="Map.cpp">
      <Filter>Source Files\Classes</Filter>
    </ClCompile>
    <ClCompile Include="UpdateMgr.cpp">
      <Filter>Source Files\Classes\Engine</Filter>
    </ClCompile>
    <ClCompile Include="TextureFactory.cpp">
      <Filter>Source Files\Classes\Engine</Filter>
    </ClCompile>
    <ClCompile Include="SDL_Object.cpp">
      <Filter>Source Files\Classes\Engine</Filter>
    </ClCompile>
    <ClCompile Include="Time.cpp">
      <Filter>Source Files\Classes\Engine</Filter>
    </ClCompile>
    <ClCompile Include="Collider.cpp">
      <Filter>Source Files\Classes\Engine\Physics</Filter>
    </ClCompile>
    <ClCompile Include="ColliderFactory.cpp">
      <Filter>Source Files\Classes\Engine\Physics</Filter>
    </ClCompile>
    <ClCompile Include="BoxCollider.cpp">
      <Filter>Source Files\Classes\Engine\Physics</Filter>
    </ClCompile>
    <ClCompile Include="RigidBody.cpp">
      <Filter>Source Files\Classes\Engine\Physics</Filter>
    </ClCompile>
    <ClCompile Include="PhysicsMgr.cpp">
      <Filter>Source Files\Classes\Engine\Physics</Filter>
    </ClCompile>
  </ItemGroup>
  <ItemGroup>
    <None Include="..\..\..\..\..\C\BombermanMultiplayer_GIT\Bomberman_Multiplayer\src\bomberman_server.py">
      <Filter>Source Files</Filter>
    </None>
    <None Include="server_python.py" />
    <None Include="materials\Maps\map1.txt">
      <Filter>Resource Files\Maps</Filter>
    </None>
  </ItemGroup>
  <ItemGroup>
    <ClInclude Include="IAttack.h">
      <Filter>Source Files\Classes\Interfaces</Filter>
    </ClInclude>
    <ClInclude Include="Actor.h">
      <Filter>Include\Actors</Filter>
    </ClInclude>
    <ClInclude Include="Eggbomb.h">
      <Filter>Include\Actors</Filter>
    </ClInclude>
    <ClInclude Include="Eggsplosion.h">
      <Filter>Include\Actors</Filter>
    </ClInclude>
    <ClInclude Include="OnlinePlayer.h">
      <Filter>Include\Actors</Filter>
    </ClInclude>
    <ClInclude Include="Player.h">
      <Filter>Include\Actors</Filter>
    </ClInclude>
    <ClInclude Include="bomberman.h">
      <Filter>Include\Actors</Filter>
    </ClInclude>
    <ClInclude Include="Map.h">
      <Filter>Include\Actors\MapObject</Filter>
    </ClInclude>
    <ClInclude Include="Transform.h">
      <Filter>Include\Actors</Filter>
    </ClInclude>
    <ClInclude Include="TextureFactory.h">
      <Filter>Include\Engine</Filter>
    </ClInclude>
    <ClInclude Include="UpdateMgr.h">
      <Filter>Include\Engine</Filter>
    </ClInclude>
    <ClInclude Include="Time.h">
      <Filter>Include\Engine</Filter>
    </ClInclude>
    <ClInclude Include="SDL_Object.h">
      <Filter>Include\Engine</Filter>
    </ClInclude>
    <ClInclude Include="Vector2.h">
      <Filter>Include\Engine</Filter>
    </ClInclude>
    <ClInclude Include="ColliderFactory.h">
      <Filter>Include\Engine\Physics</Filter>
    </ClInclude>
    <ClInclude Include="RigidBody.h">
      <Filter>Include\Engine\Physics</Filter>
    </ClInclude>
    <ClInclude Include="Collider.h">
      <Filter>Include\Engine\Physics</Filter>
    </ClInclude>
    <ClInclude Include="BoxCollider.h">
      <Filter>Include\Engine\Physics</Filter>
    </ClInclude>
    <ClInclude Include="PhysicsMgr.h">
      <Filter>Include\Engine\Physics</Filter>
    </ClInclude>
  </ItemGroup>
  <ItemGroup>
    <Image Include="materials\EGGOLD.png">
      <Filter>Resource Files</Filter>
    </Image>
    <Image Include="materials\eggsplosion.png">
      <Filter>Resource Files</Filter>
    </Image>
    <Image Include="materials\paperella.png">
      <Filter>Resource Files</Filter>
    </Image>
  </ItemGroup>
</Project>