<?xml version="1.0" encoding="utf-8"?>
<Project ToolsVersion="4.0" xmlns="http://schemas.microsoft.com/developer/msbuild/2003">
  <ItemGroup>
    <Filter Include="Source Files">
      <UniqueIdentifier>{4FC737F1-C7A5-4376-A066-2A32D752A2FF}</UniqueIdentifier>
      <Extensions>cpp;c;cc;cxx;c++;cppm;ixx;def;odl;idl;hpj;bat;asm;asmx</Extensions>
    </Filter>
    <Filter Include="Header Files">
      <UniqueIdentifier>{93995380-89BD-4b04-88EB-625FBE52EBFB}</UniqueIdentifier>
      <Extensions>h;hh;hpp;hxx;h++;hm;inl;inc;ipp;xsd</Extensions>
    </Filter>
    <Filter Include="Resource Files">
      <UniqueIdentifier>{67DA6AB6-F800-4c08-8B7A-83BB121AAD01}</UniqueIdentifier>
      <Extensions>rc;ico;cur;bmp;dlg;rc2;rct;bin;rgs;gif;jpg;jpeg;jpe;resx;tiff;tif;png;wav;mfcribbon-ms</Extensions>
    </Filter>
    <Filter Include="Header Files\Engine">
      <UniqueIdentifier>{edc76ee1-cbbf-4d43-a295-e71e1521cd00}</UniqueIdentifier>
    </Filter>
    <Filter Include="Header Files\Engine\Actors">
      <UniqueIdentifier>{d2b099fc-89de-4e67-97ea-badc55af7f7d}</UniqueIdentifier>
    </Filter>
  </ItemGroup>
  <ItemGroup>
    <ClCompile Include="main.cpp">
      <Filter>Source Files</Filter>
    </ClCompile>
    <ClCompile Include="Src\Server.cpp">
      <Filter>Source Files</Filter>
    </ClCompile>
    <ClCompile Include="Src\PlayerData.cpp">
      <Filter>Source Files</Filter>
    </ClCompile>
    <ClCompile Include="Src\NETPhysicsMgr.cpp">
      <Filter>Source Files</Filter>
    </ClCompile>
    <ClCompile Include="Src\NETRigidBody.cpp">
      <Filter>Source Files</Filter>
    </ClCompile>
    <ClCompile Include="Src\NETCollider.cpp">
      <Filter>Source Files</Filter>
    </ClCompile>
    <ClCompile Include="Src\BoxCollider.cpp">
      <Filter>Source Files</Filter>
    </ClCompile>
    <ClCompile Include="Src\NETColliderFactory.cpp">
      <Filter>Source Files</Filter>
    </ClCompile>
    <ClCompile Include="ServerMap.cpp">
      <Filter>Source Files</Filter>
    </ClCompile>
    <ClCompile Include="Src\ServerTile.cpp">
      <Filter>Source Files</Filter>
    </ClCompile>
    <ClCompile Include="Src\ActorData.cpp">
      <Filter>Source Files</Filter>
    </ClCompile>
  </ItemGroup>
  <ItemGroup>
    <ClInclude Include="Src\ActorData.h">
      <Filter>Header Files\Engine\Actors</Filter>
    </ClInclude>
    <ClInclude Include="Src\PlayerData.h">
      <Filter>Header Files</Filter>
    </ClInclude>
    <ClInclude Include="Src\NETPhysicsMgr.h">
      <Filter>Header Files</Filter>
    </ClInclude>
    <ClInclude Include="Src\NETRigidBody.h">
      <Filter>Header Files</Filter>
    </ClInclude>
    <ClInclude Include="Src\NETCollision.h">
      <Filter>Header Files</Filter>
    </ClInclude>
    <ClInclude Include="Src\NETCollider.h">
      <Filter>Header Files</Filter>
    </ClInclude>
    <ClInclude Include="Src\BoxCollider.h">
      <Filter>Header Files</Filter>
    </ClInclude>
    <ClInclude Include="Src\NETColliderFactory.h">
      <Filter>Header Files</Filter>
    </ClInclude>
    <ClInclude Include="Src\NETCollisionType.h">
      <Filter>Header Files</Filter>
    </ClInclude>
    <ClInclude Include="ServerMap.h">
      <Filter>Header Files</Filter>
    </ClInclude>
    <ClInclude Include="Src\ServerTile.h">
      <Filter>Header Files</Filter>
    </ClInclude>
    <ClInclude Include="Src\Server.h">
      <Filter>Header Files</Filter>
    </ClInclude>
  </ItemGroup>
  <ItemGroup>
    <Text Include="..\BombermanCore\Include\Maps\map1.txt" />
  </ItemGroup>
</Project>